
Microsoft Visual Studio Solution File, Format Version 12.00
# Visual Studio 15
VisualStudioVersion = 15.0.28307.757
MinimumVisualStudioVersion = 10.0.40219.1
Project("{9A19103F-16F7-4668-BE54-9A1E7A4F7556}") = "Simple.Permissions", "Simple.Permissions\Simple.Permissions.csproj", "{561F0A7C-CDA4-45B2-990F-132CD8946C5A}"
EndProject
Project("{FAE04EC0-301F-11D3-BF4B-00C04F79EFBC}") = "Permissions.TestPlayground", "TestPlayground\Permissions.TestPlayground.csproj", "{B0E0EA77-BB51-4CEC-95B7-D70D6A0B14B3}"
EndProject
Global
	GlobalSection(SolutionConfigurationPlatforms) = preSolution
		Debug|Any CPU = Debug|Any CPU
		Release|Any CPU = Release|Any CPU
	EndGlobalSection
	GlobalSection(ProjectConfigurationPlatforms) = postSolution
		{561F0A7C-CDA4-45B2-990F-132CD8946C5A}.Debug|Any CPU.ActiveCfg = Debug|Any CPU
		{561F0A7C-CDA4-45B2-990F-132CD8946C5A}.Debug|Any CPU.Build.0 = Debug|Any CPU
		{561F0A7C-CDA4-45B2-990F-132CD8946C5A}.Release|Any CPU.ActiveCfg = Release|Any CPU
		{561F0A7C-CDA4-45B2-990F-132CD8946C5A}.Release|Any CPU.Build.0 = Release|Any CPU
		{B0E0EA77-BB51-4CEC-95B7-D70D6A0B14B3}.Debug|Any CPU.ActiveCfg = Debug|Any CPU
		{B0E0EA77-BB51-4CEC-95B7-D70D6A0B14B3}.Debug|Any CPU.Build.0 = Debug|Any CPU
		{B0E0EA77-BB51-4CEC-95B7-D70D6A0B14B3}.Release|Any CPU.ActiveCfg = Release|Any CPU
		{B0E0EA77-BB51-4CEC-95B7-D70D6A0B14B3}.Release|Any CPU.Build.0 = Release|Any CPU
	EndGlobalSection
	GlobalSection(SolutionProperties) = preSolution
		HideSolutionNode = FALSE
	EndGlobalSection
	GlobalSection(ExtensibilityGlobals) = postSolution
		SolutionGuid = {06C10298-AB2D-4703-ACC9-74FFD4A4335C}
	EndGlobalSection
EndGlobal
